
Microsoft Visual Studio Solution File, Format Version 12.00
# Visual Studio Version 17
VisualStudioVersion = 17.0.32014.148
MinimumVisualStudioVersion = 10.0.40219.1
Project("{9A19103F-16F7-4668-BE54-9A1E7A4F7556}") = "Bar-Editor", "src\Bar-Editor\Bar-Editor.csproj", "{F39F17A4-6549-4FEE-8C24-4601770CA79C}"
EndProject
Project("{2150E333-8FDC-42A3-9474-1A3956D46DE8}") = "Solution Items", "Solution Items", "{C77F4882-8F99-4392-A5B9-817F633EF6FB}"
	ProjectSection(SolutionItems) = preProject
		.editorconfig = .editorconfig
		.gitignore = .gitignore
		Bar-Editor.sln.DotSettings = Bar-Editor.sln.DotSettings
		.github\workflows\ci.yml = .github\workflows\ci.yml
		.github\workflows\codeql.yml = .github\workflows\codeql.yml
		Directory.Build.props = Directory.Build.props
		global.json = global.json
		LICENSE = LICENSE
		nuget.config = nuget.config
		README.md = README.md
		.github\workflows\test-results.yml = .github\workflows\test-results.yml
		_cleanup.cmd = _cleanup.cmd
	EndProjectSection
EndProject
Global
	GlobalSection(SolutionConfigurationPlatforms) = preSolution
		Debug|arm64 = Debug|arm64
		Debug|x64 = Debug|x64
		Debug|x86 = Debug|x86
		Release|arm64 = Release|arm64
		Release|x64 = Release|x64
		Release|x86 = Release|x86
	EndGlobalSection
	GlobalSection(ProjectConfigurationPlatforms) = postSolution
		{F39F17A4-6549-4FEE-8C24-4601770CA79C}.Debug|arm64.ActiveCfg = Debug|arm64
		{F39F17A4-6549-4FEE-8C24-4601770CA79C}.Debug|arm64.Build.0 = Debug|arm64
		{F39F17A4-6549-4FEE-8C24-4601770CA79C}.Debug|arm64.Deploy.0 = Debug|arm64
		{F39F17A4-6549-4FEE-8C24-4601770CA79C}.Debug|x64.ActiveCfg = Debug|x64
		{F39F17A4-6549-4FEE-8C24-4601770CA79C}.Debug|x64.Build.0 = Debug|x64
		{F39F17A4-6549-4FEE-8C24-4601770CA79C}.Debug|x64.Deploy.0 = Debug|x64
		{F39F17A4-6549-4FEE-8C24-4601770CA79C}.Debug|x86.ActiveCfg = Debug|x86
		{F39F17A4-6549-4FEE-8C24-4601770CA79C}.Debug|x86.Build.0 = Debug|x86
		{F39F17A4-6549-4FEE-8C24-4601770CA79C}.Debug|x86.Deploy.0 = Debug|x86
		{F39F17A4-6549-4FEE-8C24-4601770CA79C}.Release|arm64.ActiveCfg = Release|arm64
		{F39F17A4-6549-4FEE-8C24-4601770CA79C}.Release|arm64.Build.0 = Release|arm64
		{F39F17A4-6549-4FEE-8C24-4601770CA79C}.Release|arm64.Deploy.0 = Release|arm64
		{F39F17A4-6549-4FEE-8C24-4601770CA79C}.Release|x64.ActiveCfg = Release|x64
		{F39F17A4-6549-4FEE-8C24-4601770CA79C}.Release|x64.Build.0 = Release|x64
		{F39F17A4-6549-4FEE-8C24-4601770CA79C}.Release|x64.Deploy.0 = Release|x64
		{F39F17A4-6549-4FEE-8C24-4601770CA79C}.Release|x86.ActiveCfg = Release|x86
		{F39F17A4-6549-4FEE-8C24-4601770CA79C}.Release|x86.Build.0 = Release|x86
		{F39F17A4-6549-4FEE-8C24-4601770CA79C}.Release|x86.Deploy.0 = Release|x86
	EndGlobalSection
	GlobalSection(SolutionProperties) = preSolution
		HideSolutionNode = FALSE
	EndGlobalSection
	GlobalSection(ExtensibilityGlobals) = postSolution
		SolutionGuid = {6C72821F-BDEE-44F0-8DFC-A54961AB78D9}
	EndGlobalSection
EndGlobal
